
Microsoft Visual Studio Solution File, Format Version 12.00
# Visual Studio Version 17
VisualStudioVersion = 17.5.33530.505
MinimumVisualStudioVersion = 10.0.40219.1
Project("{FAE04EC0-301F-11D3-BF4B-00C04F79EFBC}") = "VentasWeb", "VentasWeb\VentasWeb.csproj", "{F29ACB8C-A2B2-4C29-87C1-203E73A13701}"
EndProject
Project("{FAE04EC0-301F-11D3-BF4B-00C04F79EFBC}") = "UnitTestProject1", "UnitTestProject1\UnitTestProject1.csproj", "{E537AD79-55EC-4B07-AD4A-11ACDC9E3C05}"
EndProject
Project("{FAE04EC0-301F-11D3-BF4B-00C04F79EFBC}") = "CapaDatos", "CapaDatos\CapaDatos.csproj", "{AF114377-3AB3-455C-923F-66993DCB9235}"
EndProject
Project("{FAE04EC0-301F-11D3-BF4B-00C04F79EFBC}") = "CapaModelo", "CapaModelo\CapaModelo.csproj", "{7E595A57-BC8C-470D-9EA1-287A9547F592}"
EndProject
Project("{FAE04EC0-301F-11D3-BF4B-00C04F79EFBC}") = "Utilidad", "Utilidad\Utilidad.csproj", "{4A0255EE-F467-41E6-80DD-23D4E51AA4B3}"
EndProject
Global
	GlobalSection(SolutionConfigurationPlatforms) = preSolution
		Debug|Any CPU = Debug|Any CPU
		Release|Any CPU = Release|Any CPU
	EndGlobalSection
	GlobalSection(ProjectConfigurationPlatforms) = postSolution
		{F29ACB8C-A2B2-4C29-87C1-203E73A13701}.Debug|Any CPU.ActiveCfg = Debug|Any CPU
		{F29ACB8C-A2B2-4C29-87C1-203E73A13701}.Debug|Any CPU.Build.0 = Debug|Any CPU
		{F29ACB8C-A2B2-4C29-87C1-203E73A13701}.Release|Any CPU.ActiveCfg = Release|Any CPU
		{F29ACB8C-A2B2-4C29-87C1-203E73A13701}.Release|Any CPU.Build.0 = Release|Any CPU
		{E537AD79-55EC-4B07-AD4A-11ACDC9E3C05}.Debug|Any CPU.ActiveCfg = Debug|Any CPU
		{E537AD79-55EC-4B07-AD4A-11ACDC9E3C05}.Debug|Any CPU.Build.0 = Debug|Any CPU
		{E537AD79-55EC-4B07-AD4A-11ACDC9E3C05}.Release|Any CPU.ActiveCfg = Release|Any CPU
		{E537AD79-55EC-4B07-AD4A-11ACDC9E3C05}.Release|Any CPU.Build.0 = Release|Any CPU
		{AF114377-3AB3-455C-923F-66993DCB9235}.Debug|Any CPU.ActiveCfg = Debug|Any CPU
		{AF114377-3AB3-455C-923F-66993DCB9235}.Debug|Any CPU.Build.0 = Debug|Any CPU
		{AF114377-3AB3-455C-923F-66993DCB9235}.Release|Any CPU.ActiveCfg = Release|Any CPU
		{AF114377-3AB3-455C-923F-66993DCB9235}.Release|Any CPU.Build.0 = Release|Any CPU
		{7E595A57-BC8C-470D-9EA1-287A9547F592}.Debug|Any CPU.ActiveCfg = Debug|Any CPU
		{7E595A57-BC8C-470D-9EA1-287A9547F592}.Debug|Any CPU.Build.0 = Debug|Any CPU
		{7E595A57-BC8C-470D-9EA1-287A9547F592}.Release|Any CPU.ActiveCfg = Release|Any CPU
		{7E595A57-BC8C-470D-9EA1-287A9547F592}.Release|Any CPU.Build.0 = Release|Any CPU
		{4A0255EE-F467-41E6-80DD-23D4E51AA4B3}.Debug|Any CPU.ActiveCfg = Debug|Any CPU
		{4A0255EE-F467-41E6-80DD-23D4E51AA4B3}.Debug|Any CPU.Build.0 = Debug|Any CPU
		{4A0255EE-F467-41E6-80DD-23D4E51AA4B3}.Release|Any CPU.ActiveCfg = Release|Any CPU
		{4A0255EE-F467-41E6-80DD-23D4E51AA4B3}.Release|Any CPU.Build.0 = Release|Any CPU
	EndGlobalSection
	GlobalSection(SolutionProperties) = preSolution
		HideSolutionNode = FALSE
	EndGlobalSection
	GlobalSection(ExtensibilityGlobals) = postSolution
		SolutionGuid = {E7BDF498-30D4-4461-A493-C4B8AAB1E3F0}
	EndGlobalSection
EndGlobal
